{
  "originHash" : "4f638ab2e2cfd3a15c0c024f7fa100cbbed639e6b20d77bd5ba19576ba565fe6",
  "pins" : [
    {
      "identity" : "presentationkit",
      "kind" : "remoteSourceControl",
      "location" : "https://github.com/AdinAck/PresentationKit",
      "state" : {
        "branch" : "main",
        "revision" : "7d13d44aa63898670faaad032e0d6f97ae8046ff"
      }
    }
  ],
  "version" : 3
}
